// !$*UTF8*$!
{
	archiveVersion = 1;
	classes = {
	};
	objectVersion = 56;
	objects = {

/* Begin PBXBuildFile section */
		476529D228D96819003CE52D /* UI_673App.swift in Sources */ = {isa = PBXBuildFile; fileRef = 476529D128D96819003CE52D /* UI_673App.swift */; };
		476529D428D96819003CE52D /* ContentView.swift in Sources */ = {isa = PBXBuildFile; fileRef = 476529D328D96819003CE52D /* ContentView.swift */; };
		476529D628D9681A003CE52D /* Assets.xcassets in Resources */ = {isa = PBXBuildFile; fileRef = 476529D528D9681A003CE52D /* Assets.xcassets */; };
		476529D928D9681A003CE52D /* Preview Assets.xcassets in Resources */ = {isa = PBXBuildFile; fileRef = 476529D828D9681A003CE52D /* Preview Assets.xcassets */; };
		476529E328D9681A003CE52D /* UI_673Tests.swift in Sources */ = {isa = PBXBuildFile; fileRef = 476529E228D9681A003CE52D /* UI_673Tests.swift */; };
		476529ED28D9681A003CE52D /* UI_673UITests.swift in Sources */ = {isa = PBXBuildFile; fileRef = 476529EC28D9681A003CE52D /* UI_673UITests.swift */; };
		476529EF28D9681A003CE52D /* UI_673UITestsLaunchTests.swift in Sources */ = {isa = PBXBuildFile; fileRef = 476529EE28D9681A003CE52D /* UI_673UITestsLaunchTests.swift */; };
/* End PBXBuildFile section */

/* Begin PBXContainerItemProxy section */
		476529DF28D9681A003CE52D /* PBXContainerItemProxy */ = {
			isa = PBXContainerItemProxy;
			containerPortal = 476529C628D96819003CE52D /* Project object */;
			proxyType = 1;
			remoteGlobalIDString = 476529CD28D96819003CE52D;
			remoteInfo = "UI-673";
		};
		476529E928D9681A003CE52D /* PBXContainerItemProxy */ = {
			isa = PBXContainerItemProxy;
			containerPortal = 476529C628D96819003CE52D /* Project object */;
			proxyType = 1;
			remoteGlobalIDString = 476529CD28D96819003CE52D;
			remoteInfo = "UI-673";
		};
/* End PBXContainerItemProxy section */

/* Begin PBXFileReference section */
		476529CE28D96819003CE52D /* UI-673.app */ = {isa = PBXFileReference; explicitFileType = wrapper.application; includeInIndex = 0; path = "UI-673.app"; sourceTree = BUILT_PRODUCTS_DIR; };
		476529D128D96819003CE52D /* UI_673App.swift */ = {isa = PBXFileReference; lastKnownFileType = sourcecode.swift; path = UI_673App.swift; sourceTree = "<group>"; };
		476529D328D96819003CE52D /* ContentView.swift */ = {isa = PBXFileReference; lastKnownFileType = sourcecode.swift; path = ContentView.swift; sourceTree = "<group>"; };
		476529D528D9681A003CE52D /* Assets.xcassets */ = {isa = PBXFileReference; lastKnownFileType = folder.assetcatalog; path = Assets.xcassets; sourceTree = "<group>"; };
		476529D828D9681A003CE52D /* Preview Assets.xcassets */ = {isa = PBXFileReference; lastKnownFileType = folder.assetcatalog; path = "Preview Assets.xcassets"; sourceTree = "<group>"; };
		476529DE28D9681A003CE52D /* UI-673Tests.xctest */ = {isa = PBXFileReference; explicitFileType = wrapper.cfbundle; includeInIndex = 0; path = "UI-673Tests.xctest"; sourceTree = BUILT_PRODUCTS_DIR; };
		476529E228D9681A003CE52D /* UI_673Tests.swift */ = {isa = PBXFileReference; lastKnownFileType = sourcecode.swift; path = UI_673Tests.swift; sourceTree = "<group>"; };
		476529E828D9681A003CE52D /* UI-673UITests.xctest */ = {isa = PBXFileReference; explicitFileType = wrapper.cfbundle; includeInIndex = 0; path = "UI-673UITests.xctest"; sourceTree = BUILT_PRODUCTS_DIR; };
		476529EC28D9681A003CE52D /* UI_673UITests.swift */ = {isa = PBXFileReference; lastKnownFileType = sourcecode.swift; path = UI_673UITests.swift; sourceTree = "<group>"; };
		476529EE28D9681A003CE52D /* UI_673UITestsLaunchTests.swift */ = {isa = PBXFileReference; lastKnownFileType = sourcecode.swift; path = UI_673UITestsLaunchTests.swift; sourceTree = "<group>"; };
/* End PBXFileReference section */

/* Begin PBXFrameworksBuildPhase section */
		476529CB28D96819003CE52D /* Frameworks */ = {
			isa = PBXFrameworksBuildPhase;
			buildActionMask = 2147483647;
			files = (
			);
			runOnlyForDeploymentPostprocessing = 0;
		};
		476529DB28D9681A003CE52D /* Frameworks */ = {
			isa = PBXFrameworksBuildPhase;
			buildActionMask = 2147483647;
			files = (
			);
			runOnlyForDeploymentPostprocessing = 0;
		};
		476529E528D9681A003CE52D /* Frameworks */ = {
			isa = PBXFrameworksBuildPhase;
			buildActionMask = 2147483647;
			files = (
			);
			runOnlyForDeploymentPostprocessing = 0;
		};
/* End PBXFrameworksBuildPhase section */

/* Begin PBXGroup section */
		476529C528D96819003CE52D = {
			isa = PBXGroup;
			children = (
				476529D028D96819003CE52D /* UI-673 */,
				476529E128D9681A003CE52D /* UI-673Tests */,
				476529EB28D9681A003CE52D /* UI-673UITests */,
				476529CF28D96819003CE52D /* Products */,
			);
			sourceTree = "<group>";
		};
		476529CF28D96819003CE52D /* Products */ = {
			isa = PBXGroup;
			children = (
				476529CE28D96819003CE52D /* UI-673.app */,
				476529DE28D9681A003CE52D /* UI-673Tests.xctest */,
				476529E828D9681A003CE52D /* UI-673UITests.xctest */,
			);
			name = Products;
			sourceTree = "<group>";
		};
		476529D028D96819003CE52D /* UI-673 */ = {
			isa = PBXGroup;
			children = (
				476529D128D96819003CE52D /* UI_673App.swift */,
				476529D328D96819003CE52D /* ContentView.swift */,
				476529D528D9681A003CE52D /* Assets.xcassets */,
				476529D728D9681A003CE52D /* Preview Content */,
			);
			path = "UI-673";
			sourceTree = "<group>";
		};
		476529D728D9681A003CE52D /* Preview Content */ = {
			isa = PBXGroup;
			children = (
				476529D828D9681A003CE52D /* Preview Assets.xcassets */,
			);
			path = "Preview Content";
			sourceTree = "<group>";
		};
		476529E128D9681A003CE52D /* UI-673Tests */ = {
			isa = PBXGroup;
			children = (
				476529E228D9681A003CE52D /* UI_673Tests.swift */,
			);
			path = "UI-673Tests";
			sourceTree = "<group>";
		};
		476529EB28D9681A003CE52D /* UI-673UITests */ = {
			isa = PBXGroup;
			children = (
				476529EC28D9681A003CE52D /* UI_673UITests.swift */,
				476529EE28D9681A003CE52D /* UI_673UITestsLaunchTests.swift */,
			);
			path = "UI-673UITests";
			sourceTree = "<group>";
		};
/* End PBXGroup section */

/* Begin PBXNativeTarget section */
		476529CD28D96819003CE52D /* UI-673 */ = {
			isa = PBXNativeTarget;
			buildConfigurationList = 476529F228D9681A003CE52D /* Build configuration list for PBXNativeTarget "UI-673" */;
			buildPhases = (
				476529CA28D96819003CE52D /* Sources */,
				476529CB28D96819003CE52D /* Frameworks */,
				476529CC28D96819003CE52D /* Resources */,
			);
			buildRules = (
			);
			dependencies = (
			);
			name = "UI-673";
			productName = "UI-673";
			productReference = 476529CE28D96819003CE52D /* UI-673.app */;
			productType = "com.apple.product-type.application";
		};
		476529DD28D9681A003CE52D /* UI-673Tests */ = {
			isa = PBXNativeTarget;
			buildConfigurationList = 476529F528D9681A003CE52D /* Build configuration list for PBXNativeTarget "UI-673Tests" */;
			buildPhases = (
				476529DA28D9681A003CE52D /* Sources */,
				476529DB28D9681A003CE52D /* Frameworks */,
				476529DC28D9681A003CE52D /* Resources */,
			);
			buildRules = (
			);
			dependencies = (
				476529E028D9681A003CE52D /* PBXTargetDependency */,
			);
			name = "UI-673Tests";
			productName = "UI-673Tests";
			productReference = 476529DE28D9681A003CE52D /* UI-673Tests.xctest */;
			productType = "com.apple.product-type.bundle.unit-test";
		};
		476529E728D9681A003CE52D /* UI-673UITests */ = {
			isa = PBXNativeTarget;
			buildConfigurationList = 476529F828D9681A003CE52D /* Build configuration list for PBXNativeTarget "UI-673UITests" */;
			buildPhases = (
				476529E428D9681A003CE52D /* Sources */,
				476529E528D9681A003CE52D /* Frameworks */,
				476529E628D9681A003CE52D /* Resources */,
			);
			buildRules = (
			);
			dependencies = (
				476529EA28D9681A003CE52D /* PBXTargetDependency */,
			);
			name = "UI-673UITests";
			productName = "UI-673UITests";
			productReference = 476529E828D9681A003CE52D /* UI-673UITests.xctest */;
			productType = "com.apple.product-type.bundle.ui-testing";
		};
/* End PBXNativeTarget section */

/* Begin PBXProject section */
		476529C628D96819003CE52D /* Project object */ = {
			isa = PBXProject;
			attributes = {
				BuildIndependentTargetsInParallel = 1;
				LastSwiftUpdateCheck = 1400;
				LastUpgradeCheck = 1400;
				TargetAttributes = {
					476529CD28D96819003CE52D = {
						CreatedOnToolsVersion = 14.0.1;
					};
					476529DD28D9681A003CE52D = {
						CreatedOnToolsVersion = 14.0.1;
						TestTargetID = 476529CD28D96819003CE52D;
					};
					476529E728D9681A003CE52D = {
						CreatedOnToolsVersion = 14.0.1;
						TestTargetID = 476529CD28D96819003CE52D;
					};
				};
			};
			buildConfigurationList = 476529C928D96819003CE52D /* Build configuration list for PBXProject "UI-673" */;
			compatibilityVersion = "Xcode 14.0";
			developmentRegion = en;
			hasScannedForEncodings = 0;
			knownRegions = (
				en,
				Base,
			);
			mainGroup = 476529C528D96819003CE52D;
			productRefGroup = 476529CF28D96819003CE52D /* Products */;
			projectDirPath = "";
			projectRoot = "";
			targets = (
				476529CD28D96819003CE52D /* UI-673 */,
				476529DD28D9681A003CE52D /* UI-673Tests */,
				476529E728D9681A003CE52D /* UI-673UITests */,
			);
		};
/* End PBXProject section */

/* Begin PBXResourcesBuildPhase section */
		476529CC28D96819003CE52D /* Resources */ = {
			isa = PBXResourcesBuildPhase;
			buildActionMask = 2147483647;
			files = (
				476529D928D9681A003CE52D /* Preview Assets.xcassets in Resources */,
				476529D628D9681A003CE52D /* Assets.xcassets in Resources */,
			);
			runOnlyForDeploymentPostprocessing = 0;
		};
		476529DC28D9681A003CE52D /* Resources */ = {
			isa = PBXResourcesBuildPhase;
			buildActionMask = 2147483647;
			files = (
			);
			runOnlyForDeploymentPostprocessing = 0;
		};
		476529E628D9681A003CE52D /* Resources */ = {
			isa = PBXResourcesBuildPhase;
			buildActionMask = 2147483647;
			files = (
			);
			runOnlyForDeploymentPostprocessing = 0;
		};
/* End PBXResourcesBuildPhase section */

/* Begin PBXSourcesBuildPhase section */
		476529CA28D96819003CE52D /* Sources */ = {
			isa = PBXSourcesBuildPhase;
			buildActionMask = 2147483647;
			files = (
				476529D428D96819003CE52D /* ContentView.swift in Sources */,
				476529D228D96819003CE52D /* UI_673App.swift in Sources */,
			);
			runOnlyForDeploymentPostprocessing = 0;
		};
		476529DA28D9681A003CE52D /* Sources */ = {
			isa = PBXSourcesBuildPhase;
			buildActionMask = 2147483647;
			files = (
				476529E328D9681A003CE52D /* UI_673Tests.swift in Sources */,
			);
			runOnlyForDeploymentPostprocessing = 0;
		};
		476529E428D9681A003CE52D /* Sources */ = {
			isa = PBXSourcesBuildPhase;
			buildActionMask = 2147483647;
			files = (
				476529ED28D9681A003CE52D /* UI_673UITests.swift in Sources */,
				476529EF28D9681A003CE52D /* UI_673UITestsLaunchTests.swift in Sources */,
			);
			runOnlyForDeploymentPostprocessing = 0;
		};
/* End PBXSourcesBuildPhase section */

/* Begin PBXTargetDependency section */
		476529E028D9681A003CE52D /* PBXTargetDependency */ = {
			isa = PBXTargetDependency;
			target = 476529CD28D96819003CE52D /* UI-673 */;
			targetProxy = 476529DF28D9681A003CE52D /* PBXContainerItemProxy */;
		};
		476529EA28D9681A003CE52D /* PBXTargetDependency */ = {
			isa = PBXTargetDependency;
			target = 476529CD28D96819003CE52D /* UI-673 */;
			targetProxy = 476529E928D9681A003CE52D /* PBXContainerItemProxy */;
		};
/* End PBXTargetDependency section */

/* Begin XCBuildConfiguration section */
		476529F028D9681A003CE52D /* Debug */ = {
			isa = XCBuildConfiguration;
			buildSettings = {
				ALWAYS_SEARCH_USER_PATHS = NO;
				CLANG_ANALYZER_NONNULL = YES;
				CLANG_ANALYZER_NUMBER_OBJECT_CONVERSION = YES_AGGRESSIVE;
				CLANG_CXX_LANGUAGE_STANDARD = "gnu++20";
				CLANG_ENABLE_MODULES = YES;
				CLANG_ENABLE_OBJC_ARC = YES;
				CLANG_ENABLE_OBJC_WEAK = YES;
				CLANG_WARN_BLOCK_CAPTURE_AUTORELEASING = YES;
				CLANG_WARN_BOOL_CONVERSION = YES;
				CLANG_WARN_COMMA = YES;
				CLANG_WARN_CONSTANT_CONVERSION = YES;
				CLANG_WARN_DEPRECATED_OBJC_IMPLEMENTATIONS = YES;
				CLANG_WARN_DIRECT_OBJC_ISA_USAGE = YES_ERROR;
				CLANG_WARN_DOCUMENTATION_COMMENTS = YES;
				CLANG_WARN_EMPTY_BODY = YES;
				CLANG_WARN_ENUM_CONVERSION = YES;
				CLANG_WARN_INFINITE_RECURSION = YES;
				CLANG_WARN_INT_CONVERSION = YES;
				CLANG_WARN_NON_LITERAL_NULL_CONVERSION = YES;
				CLANG_WARN_OBJC_IMPLICIT_RETAIN_SELF = YES;
				CLANG_WARN_OBJC_LITERAL_CONVERSION = YES;
				CLANG_WARN_OBJC_ROOT_CLASS = YES_ERROR;
				CLANG_WARN_QUOTED_INCLUDE_IN_FRAMEWORK_HEADER = YES;
				CLANG_WARN_RANGE_LOOP_ANALYSIS = YES;
				CLANG_WARN_STRICT_PROTOTYPES = YES;
				CLANG_WARN_SUSPICIOUS_MOVE = YES;
				CLANG_WARN_UNGUARDED_AVAILABILITY = YES_AGGRESSIVE;
				CLANG_WARN_UNREACHABLE_CODE = YES;
				CLANG_WARN__DUPLICATE_METHOD_MATCH = YES;
				COPY_PHASE_STRIP = NO;
				DEBUG_INFORMATION_FORMAT = dwarf;
				ENABLE_STRICT_OBJC_MSGSEND = YES;
				ENABLE_TESTABILITY = YES;
				GCC_C_LANGUAGE_STANDARD = gnu11;
				GCC_DYNAMIC_NO_PIC = NO;
				GCC_NO_COMMON_BLOCKS = YES;
				GCC_OPTIMIZATION_LEVEL = 0;
				GCC_PREPROCESSOR_DEFINITIONS = (
					"DEBUG=1",
					"$(inherited)",
				);
				GCC_WARN_64_TO_32_BIT_CONVERSION = YES;
				GCC_WARN_ABOUT_RETURN_TYPE = YES_ERROR;
				GCC_WARN_UNDECLARED_SELECTOR = YES;
				GCC_WARN_UNINITIALIZED_AUTOS = YES_AGGRESSIVE;
				GCC_WARN_UNUSED_FUNCTION = YES;
				GCC_WARN_UNUSED_VARIABLE = YES;
				IPHONEOS_DEPLOYMENT_TARGET = 16.0;
				MTL_ENABLE_DEBUG_INFO = INCLUDE_SOURCE;
				MTL_FAST_MATH = YES;
				ONLY_ACTIVE_ARCH = YES;
				SDKROOT = iphoneos;
				SWIFT_ACTIVE_COMPILATION_CONDITIONS = DEBUG;
				SWIFT_OPTIMIZATION_LEVEL = "-Onone";
			};
			name = Debug;
		};
		476529F128D9681A003CE52D /* Release */ = {
			isa = XCBuildConfiguration;
			buildSettings = {
				ALWAYS_SEARCH_USER_PATHS = NO;
				CLANG_ANALYZER_NONNULL = YES;
				CLANG_ANALYZER_NUMBER_OBJECT_CONVERSION = YES_AGGRESSIVE;
				CLANG_CXX_LANGUAGE_STANDARD = "gnu++20";
				CLANG_ENABLE_MODULES = YES;
				CLANG_ENABLE_OBJC_ARC = YES;
				CLANG_ENABLE_OBJC_WEAK = YES;
				CLANG_WARN_BLOCK_CAPTURE_AUTORELEASING = YES;
				CLANG_WARN_BOOL_CONVERSION = YES;
				CLANG_WARN_COMMA = YES;
				CLANG_WARN_CONSTANT_CONVERSION = YES;
				CLANG_WARN_DEPRECATED_OBJC_IMPLEMENTATIONS = YES;
				CLANG_WARN_DIRECT_OBJC_ISA_USAGE = YES_ERROR;
				CLANG_WARN_DOCUMENTATION_COMMENTS = YES;
				CLANG_WARN_EMPTY_BODY = YES;
				CLANG_WARN_ENUM_CONVERSION = YES;
				CLANG_WARN_INFINITE_RECURSION = YES;
				CLANG_WARN_INT_CONVERSION = YES;
				CLANG_WARN_NON_LITERAL_NULL_CONVERSION = YES;
				CLANG_WARN_OBJC_IMPLICIT_RETAIN_SELF = YES;
				CLANG_WARN_OBJC_LITERAL_CONVERSION = YES;
				CLANG_WARN_OBJC_ROOT_CLASS = YES_ERROR;
				CLANG_WARN_QUOTED_INCLUDE_IN_FRAMEWORK_HEADER = YES;
				CLANG_WARN_RANGE_LOOP_ANALYSIS = YES;
				CLANG_WARN_STRICT_PROTOTYPES = YES;
				CLANG_WARN_SUSPICIOUS_MOVE = YES;
				CLANG_WARN_UNGUARDED_AVAILABILITY = YES_AGGRESSIVE;
				CLANG_WARN_UNREACHABLE_CODE = YES;
				CLANG_WARN__DUPLICATE_METHOD_MATCH = YES;
				COPY_PHASE_STRIP = NO;
				DEBUG_INFORMATION_FORMAT = "dwarf-with-dsym";
				ENABLE_NS_ASSERTIONS = NO;
				ENABLE_STRICT_OBJC_MSGSEND = YES;
				GCC_C_LANGUAGE_STANDARD = gnu11;
				GCC_NO_COMMON_BLOCKS = YES;
				GCC_WARN_64_TO_32_BIT_CONVERSION = YES;
				GCC_WARN_ABOUT_RETURN_TYPE = YES_ERROR;
				GCC_WARN_UNDECLARED_SELECTOR = YES;
				GCC_WARN_UNINITIALIZED_AUTOS = YES_AGGRESSIVE;
				GCC_WARN_UNUSED_FUNCTION = YES;
				GCC_WARN_UNUSED_VARIABLE = YES;
				IPHONEOS_DEPLOYMENT_TARGET = 16.0;
				MTL_ENABLE_DEBUG_INFO = NO;
				MTL_FAST_MATH = YES;
				SDKROOT = iphoneos;
				SWIFT_COMPILATION_MODE = wholemodule;
				SWIFT_OPTIMIZATION_LEVEL = "-O";
				VALIDATE_PRODUCT = YES;
			};
			name = Release;
		};
		476529F328D9681A003CE52D /* Debug */ = {
			isa = XCBuildConfiguration;
			buildSettings = {
				ASSETCATALOG_COMPILER_ALTERNATE_APPICON_NAMES = "AppIcon AppIcon 1 AppIcon 2";
				ASSETCATALOG_COMPILER_APPICON_NAME = AppIcon;
				ASSETCATALOG_COMPILER_GLOBAL_ACCENT_COLOR_NAME = AccentColor;
				ASSETCATALOG_COMPILER_INCLUDE_ALL_APPICON_ASSETS = YES;
				CODE_SIGN_STYLE = Automatic;
				CURRENT_PROJECT_VERSION = 1;
				DEVELOPMENT_ASSET_PATHS = "\"UI-673/Preview Content\"";
				DEVELOPMENT_TEAM = 8CL4U468K5;
				ENABLE_PREVIEWS = YES;
				GENERATE_INFOPLIST_FILE = YES;
				INFOPLIST_KEY_UIApplicationSceneManifest_Generation = YES;
				INFOPLIST_KEY_UIApplicationSupportsIndirectInputEvents = YES;
				INFOPLIST_KEY_UILaunchScreen_Generation = YES;
				INFOPLIST_KEY_UISupportedInterfaceOrientations_iPad = "UIInterfaceOrientationPortrait UIInterfaceOrientationPortraitUpsideDown UIInterfaceOrientationLandscapeLeft UIInterfaceOrientationLandscapeRight";
				INFOPLIST_KEY_UISupportedInterfaceOrientations_iPhone = "UIInterfaceOrientationPortrait UIInterfaceOrientationLandscapeLeft UIInterfaceOrientationLandscapeRight";
				LD_RUNPATH_SEARCH_PATHS = (
					"$(inherited)",
					"@executable_path/Frameworks",
				);
				MARKETING_VERSION = 1.0;
				PRODUCT_BUNDLE_IDENTIFIER = "com.585.UI-673";
				PRODUCT_NAME = "$(TARGET_NAME)";
				SWIFT_EMIT_LOC_STRINGS = YES;
				SWIFT_VERSION = 5.0;
				TARGETED_DEVICE_FAMILY = "1,2";
			};
			name = Debug;
		};
		476529F428D9681A003CE52D /* Release */ = {
			isa = XCBuildConfiguration;
			buildSettings = {
				ASSETCATALOG_COMPILER_ALTERNATE_APPICON_NAMES = "AppIcon AppIcon 1 AppIcon 2";
				ASSETCATALOG_COMPILER_APPICON_NAME = AppIcon;
				ASSETCATALOG_COMPILER_GLOBAL_ACCENT_COLOR_NAME = AccentColor;
				ASSETCATALOG_COMPILER_INCLUDE_ALL_APPICON_ASSETS = YES;
				CODE_SIGN_STYLE = Automatic;
				CURRENT_PROJECT_VERSION = 1;
				DEVELOPMENT_ASSET_PATHS = "\"UI-673/Preview Content\"";
				DEVELOPMENT_TEAM = 8CL4U468K5;
				ENABLE_PREVIEWS = YES;
				GENERATE_INFOPLIST_FILE = YES;
				INFOPLIST_KEY_UIApplicationSceneManifest_Generation = YES;
				INFOPLIST_KEY_UIApplicationSupportsIndirectInputEvents = YES;
				INFOPLIST_KEY_UILaunchScreen_Generation = YES;
				INFOPLIST_KEY_UISupportedInterfaceOrientations_iPad = "UIInterfaceOrientationPortrait UIInterfaceOrientationPortraitUpsideDown UIInterfaceOrientationLandscapeLeft UIInterfaceOrientationLandscapeRight";
				INFOPLIST_KEY_UISupportedInterfaceOrientations_iPhone = "UIInterfaceOrientationPortrait UIInterfaceOrientationLandscapeLeft UIInterfaceOrientationLandscapeRight";
				LD_RUNPATH_SEARCH_PATHS = (
					"$(inherited)",
					"@executable_path/Frameworks",
				);
				MARKETING_VERSION = 1.0;
				PRODUCT_BUNDLE_IDENTIFIER = "com.585.UI-673";
				PRODUCT_NAME = "$(TARGET_NAME)";
				SWIFT_EMIT_LOC_STRINGS = YES;
				SWIFT_VERSION = 5.0;
				TARGETED_DEVICE_FAMILY = "1,2";
			};
			name = Release;
		};
		476529F628D9681A003CE52D /* Debug */ = {
			isa = XCBuildConfiguration;
			buildSettings = {
				ALWAYS_EMBED_SWIFT_STANDARD_LIBRARIES = YES;
				BUNDLE_LOADER = "$(TEST_HOST)";
				CODE_SIGN_STYLE = Automatic;
				CURRENT_PROJECT_VERSION = 1;
				DEVELOPMENT_TEAM = 8CL4U468K5;
				GENERATE_INFOPLIST_FILE = YES;
				IPHONEOS_DEPLOYMENT_TARGET = 16.0;
				MARKETING_VERSION = 1.0;
				PRODUCT_BUNDLE_IDENTIFIER = "com.585.UI-673Tests";
				PRODUCT_NAME = "$(TARGET_NAME)";
				SWIFT_EMIT_LOC_STRINGS = NO;
				SWIFT_VERSION = 5.0;
				TARGETED_DEVICE_FAMILY = "1,2";
				TEST_HOST = "$(BUILT_PRODUCTS_DIR)/UI-673.app/$(BUNDLE_EXECUTABLE_FOLDER_PATH)/UI-673";
			};
			name = Debug;
		};
		476529F728D9681A003CE52D /* Release */ = {
			isa = XCBuildConfiguration;
			buildSettings = {
				ALWAYS_EMBED_SWIFT_STANDARD_LIBRARIES = YES;
				BUNDLE_LOADER = "$(TEST_HOST)";
				CODE_SIGN_STYLE = Automatic;
				CURRENT_PROJECT_VERSION = 1;
				DEVELOPMENT_TEAM = 8CL4U468K5;
				GENERATE_INFOPLIST_FILE = YES;
				IPHONEOS_DEPLOYMENT_TARGET = 16.0;
				MARKETING_VERSION = 1.0;
				PRODUCT_BUNDLE_IDENTIFIER = "com.585.UI-673Tests";
				PRODUCT_NAME = "$(TARGET_NAME)";
				SWIFT_EMIT_LOC_STRINGS = NO;
				SWIFT_VERSION = 5.0;
				TARGETED_DEVICE_FAMILY = "1,2";
				TEST_HOST = "$(BUILT_PRODUCTS_DIR)/UI-673.app/$(BUNDLE_EXECUTABLE_FOLDER_PATH)/UI-673";
			};
			name = Release;
		};
		476529F928D9681A003CE52D /* Debug */ = {
			isa = XCBuildConfiguration;
			buildSettings = {
				ALWAYS_EMBED_SWIFT_STANDARD_LIBRARIES = YES;
				CODE_SIGN_STYLE = Automatic;
				CURRENT_PROJECT_VERSION = 1;
				DEVELOPMENT_TEAM = 8CL4U468K5;
				GENERATE_INFOPLIST_FILE = YES;
				MARKETING_VERSION = 1.0;
				PRODUCT_BUNDLE_IDENTIFIER = "com.585.UI-673UITests";
				PRODUCT_NAME = "$(TARGET_NAME)";
				SWIFT_EMIT_LOC_STRINGS = NO;
				SWIFT_VERSION = 5.0;
				TARGETED_DEVICE_FAMILY = "1,2";
				TEST_TARGET_NAME = "UI-673";
			};
			name = Debug;
		};
		476529FA28D9681A003CE52D /* Release */ = {
			isa = XCBuildConfiguration;
			buildSettings = {
				ALWAYS_EMBED_SWIFT_STANDARD_LIBRARIES = YES;
				CODE_SIGN_STYLE = Automatic;
				CURRENT_PROJECT_VERSION = 1;
				DEVELOPMENT_TEAM = 8CL4U468K5;
				GENERATE_INFOPLIST_FILE = YES;
				MARKETING_VERSION = 1.0;
				PRODUCT_BUNDLE_IDENTIFIER = "com.585.UI-673UITests";
				PRODUCT_NAME = "$(TARGET_NAME)";
				SWIFT_EMIT_LOC_STRINGS = NO;
				SWIFT_VERSION = 5.0;
				TARGETED_DEVICE_FAMILY = "1,2";
				TEST_TARGET_NAME = "UI-673";
			};
			name = Release;
		};
/* End XCBuildConfiguration section */

/* Begin XCConfigurationList section */
		476529C928D96819003CE52D /* Build configuration list for PBXProject "UI-673" */ = {
			isa = XCConfigurationList;
			buildConfigurations = (
				476529F028D9681A003CE52D /* Debug */,
				476529F128D9681A003CE52D /* Release */,
			);
			defaultConfigurationIsVisible = 0;
			defaultConfigurationName = Release;
		};
		476529F228D9681A003CE52D /* Build configuration list for PBXNativeTarget "UI-673" */ = {
			isa = XCConfigurationList;
			buildConfigurations = (
				476529F328D9681A003CE52D /* Debug */,
				476529F428D9681A003CE52D /* Release */,
			);
			defaultConfigurationIsVisible = 0;
			defaultConfigurationName = Release;
		};
		476529F528D9681A003CE52D /* Build configuration list for PBXNativeTarget "UI-673Tests" */ = {
			isa = XCConfigurationList;
			buildConfigurations = (
				476529F628D9681A003CE52D /* Debug */,
				476529F728D9681A003CE52D /* Release */,
			);
			defaultConfigurationIsVisible = 0;
			defaultConfigurationName = Release;
		};
		476529F828D9681A003CE52D /* Build configuration list for PBXNativeTarget "UI-673UITests" */ = {
			isa = XCConfigurationList;
			buildConfigurations = (
				476529F928D9681A003CE52D /* Debug */,
				476529FA28D9681A003CE52D /* Release */,
			);
			defaultConfigurationIsVisible = 0;
			defaultConfigurationName = Release;
		};
/* End XCConfigurationList section */
	};
	rootObject = 476529C628D96819003CE52D /* Project object */;
}
